
Microsoft Visual Studio Solution File, Format Version 12.00
# Visual Studio 15
VisualStudioVersion = 15.0.27428.2015
MinimumVisualStudioVersion = 10.0.40219.1
Project("{FAE04EC0-301F-11D3-BF4B-00C04F79EFBC}") = "HRSProject", "HRSProject\HRSProject.csproj", "{AE883977-C7EE-4A00-A45B-FEA516C355A8}"
EndProject
Global
	GlobalSection(SolutionConfigurationPlatforms) = preSolution
		Debug|Any CPU = Debug|Any CPU
		Release|Any CPU = Release|Any CPU
	EndGlobalSection
	GlobalSection(ProjectConfigurationPlatforms) = postSolution
		{AE883977-C7EE-4A00-A45B-FEA516C355A8}.Debug|Any CPU.ActiveCfg = Debug|Any CPU
		{AE883977-C7EE-4A00-A45B-FEA516C355A8}.Debug|Any CPU.Build.0 = Debug|Any CPU
		{AE883977-C7EE-4A00-A45B-FEA516C355A8}.Release|Any CPU.ActiveCfg = Release|Any CPU
		{AE883977-C7EE-4A00-A45B-FEA516C355A8}.Release|Any CPU.Build.0 = Release|Any CPU
	EndGlobalSection
	GlobalSection(SolutionProperties) = preSolution
		HideSolutionNode = FALSE
	EndGlobalSection
	GlobalSection(ExtensibilityGlobals) = postSolution
		SolutionGuid = {99DE46CC-A711-45A9-87B7-7487EBB5F8AF}
	EndGlobalSection
EndGlobal
